
Microsoft Visual Studio Solution File, Format Version 12.00
# Visual Studio Version 17
VisualStudioVersion = 17.2.32526.322
MinimumVisualStudioVersion = 10.0.40219.1
Project("{9A19103F-16F7-4668-BE54-9A1E7A4F7556}") = "ToolSeoViet.Service", "ToolSeoViet.Service\ToolSeoViet.Service.csproj", "{F28AE741-E47A-4CF7-9890-FDAA5FE4ABC9}"
EndProject
Project("{9A19103F-16F7-4668-BE54-9A1E7A4F7556}") = "ToolSeoViet.Database", "ToolSeoViet.Database\ToolSeoViet.Database.csproj", "{06D283C2-515E-47FA-ADE3-F642F994AB03}"
EndProject
Project("{9A19103F-16F7-4668-BE54-9A1E7A4F7556}") = "ToolSeoViet.Api", "ToolSeoViet.Api\ToolSeoViet.Api.csproj", "{CEE89CC6-B6DF-4BB9-A9BB-20EC287E3D56}"
EndProject
Global
	GlobalSection(SolutionConfigurationPlatforms) = preSolution
		Debug|Any CPU = Debug|Any CPU
		Release|Any CPU = Release|Any CPU
	EndGlobalSection
	GlobalSection(ProjectConfigurationPlatforms) = postSolution
		{F28AE741-E47A-4CF7-9890-FDAA5FE4ABC9}.Debug|Any CPU.ActiveCfg = Debug|Any CPU
		{F28AE741-E47A-4CF7-9890-FDAA5FE4ABC9}.Debug|Any CPU.Build.0 = Debug|Any CPU
		{F28AE741-E47A-4CF7-9890-FDAA5FE4ABC9}.Release|Any CPU.ActiveCfg = Release|Any CPU
		{F28AE741-E47A-4CF7-9890-FDAA5FE4ABC9}.Release|Any CPU.Build.0 = Release|Any CPU
		{06D283C2-515E-47FA-ADE3-F642F994AB03}.Debug|Any CPU.ActiveCfg = Debug|Any CPU
		{06D283C2-515E-47FA-ADE3-F642F994AB03}.Debug|Any CPU.Build.0 = Debug|Any CPU
		{06D283C2-515E-47FA-ADE3-F642F994AB03}.Release|Any CPU.ActiveCfg = Release|Any CPU
		{06D283C2-515E-47FA-ADE3-F642F994AB03}.Release|Any CPU.Build.0 = Release|Any CPU
		{CEE89CC6-B6DF-4BB9-A9BB-20EC287E3D56}.Debug|Any CPU.ActiveCfg = Debug|Any CPU
		{CEE89CC6-B6DF-4BB9-A9BB-20EC287E3D56}.Debug|Any CPU.Build.0 = Debug|Any CPU
		{CEE89CC6-B6DF-4BB9-A9BB-20EC287E3D56}.Release|Any CPU.ActiveCfg = Release|Any CPU
		{CEE89CC6-B6DF-4BB9-A9BB-20EC287E3D56}.Release|Any CPU.Build.0 = Release|Any CPU
	EndGlobalSection
	GlobalSection(SolutionProperties) = preSolution
		HideSolutionNode = FALSE
	EndGlobalSection
	GlobalSection(ExtensibilityGlobals) = postSolution
		SolutionGuid = {107019B6-5AFA-4299-A633-777448B91727}
	EndGlobalSection
EndGlobal
